
Microsoft Visual Studio Solution File, Format Version 12.00
# Visual Studio Version 17
VisualStudioVersion = 17.8.34322.80
MinimumVisualStudioVersion = 10.0.40219.1
Project("{FAE04EC0-301F-11D3-BF4B-00C04F79EFBC}") = "PMSCRM", "PMSCRM.csproj", "{FEFCB544-5578-43AA-8A49-F2C014A30E33}"
EndProject
Project("{00D1A9C2-B5F0-4AF3-8072-F6C62B433612}") = "PMSCRMDB", "..\PMSCRMDB\PMSCRMDB.sqlproj", "{645CCD0D-CFBB-49EA-AEBB-8F12C3B9AF46}"
EndProject
Global
	GlobalSection(SolutionConfigurationPlatforms) = preSolution
		Debug|Any CPU = Debug|Any CPU
		Release|Any CPU = Release|Any CPU
	EndGlobalSection
	GlobalSection(ProjectConfigurationPlatforms) = postSolution
		{FEFCB544-5578-43AA-8A49-F2C014A30E33}.Debug|Any CPU.ActiveCfg = Debug|Any CPU
		{FEFCB544-5578-43AA-8A49-F2C014A30E33}.Debug|Any CPU.Build.0 = Debug|Any CPU
		{FEFCB544-5578-43AA-8A49-F2C014A30E33}.Release|Any CPU.ActiveCfg = Release|Any CPU
		{FEFCB544-5578-43AA-8A49-F2C014A30E33}.Release|Any CPU.Build.0 = Release|Any CPU
		{645CCD0D-CFBB-49EA-AEBB-8F12C3B9AF46}.Debug|Any CPU.ActiveCfg = Debug|Any CPU
		{645CCD0D-CFBB-49EA-AEBB-8F12C3B9AF46}.Debug|Any CPU.Build.0 = Debug|Any CPU
		{645CCD0D-CFBB-49EA-AEBB-8F12C3B9AF46}.Debug|Any CPU.Deploy.0 = Debug|Any CPU
		{645CCD0D-CFBB-49EA-AEBB-8F12C3B9AF46}.Release|Any CPU.ActiveCfg = Release|Any CPU
		{645CCD0D-CFBB-49EA-AEBB-8F12C3B9AF46}.Release|Any CPU.Build.0 = Release|Any CPU
		{645CCD0D-CFBB-49EA-AEBB-8F12C3B9AF46}.Release|Any CPU.Deploy.0 = Release|Any CPU
	EndGlobalSection
	GlobalSection(SolutionProperties) = preSolution
		HideSolutionNode = FALSE
	EndGlobalSection
	GlobalSection(ExtensibilityGlobals) = postSolution
		SolutionGuid = {5EA601FA-3ED7-45D2-BF5A-1E7A6F972B5D}
	EndGlobalSection
EndGlobal
